
Microsoft Visual Studio Solution File, Format Version 12.00
# Visual Studio Version 17
VisualStudioVersion = 17.11.35327.3
MinimumVisualStudioVersion = 10.0.40219.1
Project("{2150E333-8FDC-42A3-9474-1A3956D46DE8}") = "Services", "Services", "{DA14D4AC-F135-4849-AE66-887CB62BF4E0}"
EndProject
Project("{9A19103F-16F7-4668-BE54-9A1E7A4F7556}") = "AuthService", "AuthService\AuthService.csproj", "{B343537F-4959-4C3E-BD32-08A8D596DB66}"
EndProject
Project("{9A19103F-16F7-4668-BE54-9A1E7A4F7556}") = "UserService", "UserService\UserService.csproj", "{666234B4-E500-4C6D-ACCE-08659AAC6BB9}"
EndProject
Project("{9A19103F-16F7-4668-BE54-9A1E7A4F7556}") = "TopicService", "TopicService\TopicService.csproj", "{A0A91A81-6189-4F83-8BA9-F48A687A1428}"
EndProject
Project("{9A19103F-16F7-4668-BE54-9A1E7A4F7556}") = "EntryService", "EntryService\EntryService.csproj", "{1983905C-1F2F-4F66-9C93-23995B5B40FD}"
EndProject
Project("{9A19103F-16F7-4668-BE54-9A1E7A4F7556}") = "VoteService", "VoteService\VoteService.csproj", "{59BE4A1B-F159-4F7B-9AAC-F7D730D0CEB1}"
EndProject
Project("{9A19103F-16F7-4668-BE54-9A1E7A4F7556}") = "NotificationService", "NotificationService\NotificationService.csproj", "{A2287F5C-BA05-4B08-9D78-F722F7222BA1}"
EndProject
Project("{9A19103F-16F7-4668-BE54-9A1E7A4F7556}") = "Shared", "Shared\Shared.csproj", "{5458BD74-CD12-492D-9C10-FE7F6B2545D4}"
EndProject
Project("{2150E333-8FDC-42A3-9474-1A3956D46DE8}") = "Solution Items", "Solution Items", "{5EDEE727-1ABA-4FAF-9358-CABE63E81600}"
	ProjectSection(SolutionItems) = preProject
		docker-compose.yml = docker-compose.yml
	EndProjectSection
EndProject
Project("{9A19103F-16F7-4668-BE54-9A1E7A4F7556}") = "ReviewService", "ReviewService\ReviewService.csproj", "{8A359DDA-FD37-4720-A8CE-24F141311A58}"
EndProject
Project("{E24C65DC-7377-472B-9ABA-BC803B73C61A}") = "frontend", "frontend\", "{17F19A68-2686-43A9-A19F-E0EC7756DE7D}"
	ProjectSection(WebsiteProperties) = preProject
		TargetFrameworkMoniker = ".NETFramework,Version%3Dv4.8"
		Debug.AspNetCompiler.VirtualPath = "/localhost_6784"
		Debug.AspNetCompiler.PhysicalPath = "frontend\"
		Debug.AspNetCompiler.TargetPath = "PrecompiledWeb\localhost_6784\"
		Debug.AspNetCompiler.Updateable = "true"
		Debug.AspNetCompiler.ForceOverwrite = "true"
		Debug.AspNetCompiler.FixedNames = "false"
		Debug.AspNetCompiler.Debug = "True"
		Release.AspNetCompiler.VirtualPath = "/localhost_6784"
		Release.AspNetCompiler.PhysicalPath = "frontend\"
		Release.AspNetCompiler.TargetPath = "PrecompiledWeb\localhost_6784\"
		Release.AspNetCompiler.Updateable = "true"
		Release.AspNetCompiler.ForceOverwrite = "true"
		Release.AspNetCompiler.FixedNames = "false"
		Release.AspNetCompiler.Debug = "False"
		VWDPort = "6784"
		SlnRelativePath = "frontend\"
	EndProjectSection
EndProject
Global
	GlobalSection(SolutionConfigurationPlatforms) = preSolution
		Debug|Any CPU = Debug|Any CPU
		Release|Any CPU = Release|Any CPU
	EndGlobalSection
	GlobalSection(ProjectConfigurationPlatforms) = postSolution
		{B343537F-4959-4C3E-BD32-08A8D596DB66}.Debug|Any CPU.ActiveCfg = Debug|Any CPU
		{B343537F-4959-4C3E-BD32-08A8D596DB66}.Debug|Any CPU.Build.0 = Debug|Any CPU
		{B343537F-4959-4C3E-BD32-08A8D596DB66}.Release|Any CPU.ActiveCfg = Release|Any CPU
		{B343537F-4959-4C3E-BD32-08A8D596DB66}.Release|Any CPU.Build.0 = Release|Any CPU
		{666234B4-E500-4C6D-ACCE-08659AAC6BB9}.Debug|Any CPU.ActiveCfg = Debug|Any CPU
		{666234B4-E500-4C6D-ACCE-08659AAC6BB9}.Debug|Any CPU.Build.0 = Debug|Any CPU
		{666234B4-E500-4C6D-ACCE-08659AAC6BB9}.Release|Any CPU.ActiveCfg = Release|Any CPU
		{666234B4-E500-4C6D-ACCE-08659AAC6BB9}.Release|Any CPU.Build.0 = Release|Any CPU
		{A0A91A81-6189-4F83-8BA9-F48A687A1428}.Debug|Any CPU.ActiveCfg = Debug|Any CPU
		{A0A91A81-6189-4F83-8BA9-F48A687A1428}.Debug|Any CPU.Build.0 = Debug|Any CPU
		{A0A91A81-6189-4F83-8BA9-F48A687A1428}.Release|Any CPU.ActiveCfg = Release|Any CPU
		{A0A91A81-6189-4F83-8BA9-F48A687A1428}.Release|Any CPU.Build.0 = Release|Any CPU
		{1983905C-1F2F-4F66-9C93-23995B5B40FD}.Debug|Any CPU.ActiveCfg = Debug|Any CPU
		{1983905C-1F2F-4F66-9C93-23995B5B40FD}.Debug|Any CPU.Build.0 = Debug|Any CPU
		{1983905C-1F2F-4F66-9C93-23995B5B40FD}.Release|Any CPU.ActiveCfg = Release|Any CPU
		{1983905C-1F2F-4F66-9C93-23995B5B40FD}.Release|Any CPU.Build.0 = Release|Any CPU
		{59BE4A1B-F159-4F7B-9AAC-F7D730D0CEB1}.Debug|Any CPU.ActiveCfg = Debug|Any CPU
		{59BE4A1B-F159-4F7B-9AAC-F7D730D0CEB1}.Debug|Any CPU.Build.0 = Debug|Any CPU
		{59BE4A1B-F159-4F7B-9AAC-F7D730D0CEB1}.Release|Any CPU.ActiveCfg = Release|Any CPU
		{59BE4A1B-F159-4F7B-9AAC-F7D730D0CEB1}.Release|Any CPU.Build.0 = Release|Any CPU
		{A2287F5C-BA05-4B08-9D78-F722F7222BA1}.Debug|Any CPU.ActiveCfg = Debug|Any CPU
		{A2287F5C-BA05-4B08-9D78-F722F7222BA1}.Debug|Any CPU.Build.0 = Debug|Any CPU
		{A2287F5C-BA05-4B08-9D78-F722F7222BA1}.Release|Any CPU.ActiveCfg = Release|Any CPU
		{A2287F5C-BA05-4B08-9D78-F722F7222BA1}.Release|Any CPU.Build.0 = Release|Any CPU
		{5458BD74-CD12-492D-9C10-FE7F6B2545D4}.Debug|Any CPU.ActiveCfg = Debug|Any CPU
		{5458BD74-CD12-492D-9C10-FE7F6B2545D4}.Debug|Any CPU.Build.0 = Debug|Any CPU
		{5458BD74-CD12-492D-9C10-FE7F6B2545D4}.Release|Any CPU.ActiveCfg = Release|Any CPU
		{5458BD74-CD12-492D-9C10-FE7F6B2545D4}.Release|Any CPU.Build.0 = Release|Any CPU
		{8A359DDA-FD37-4720-A8CE-24F141311A58}.Debug|Any CPU.ActiveCfg = Debug|Any CPU
		{8A359DDA-FD37-4720-A8CE-24F141311A58}.Debug|Any CPU.Build.0 = Debug|Any CPU
		{8A359DDA-FD37-4720-A8CE-24F141311A58}.Release|Any CPU.ActiveCfg = Release|Any CPU
		{8A359DDA-FD37-4720-A8CE-24F141311A58}.Release|Any CPU.Build.0 = Release|Any CPU
		{17F19A68-2686-43A9-A19F-E0EC7756DE7D}.Debug|Any CPU.ActiveCfg = Debug|Any CPU
		{17F19A68-2686-43A9-A19F-E0EC7756DE7D}.Debug|Any CPU.Build.0 = Debug|Any CPU
		{17F19A68-2686-43A9-A19F-E0EC7756DE7D}.Release|Any CPU.ActiveCfg = Debug|Any CPU
		{17F19A68-2686-43A9-A19F-E0EC7756DE7D}.Release|Any CPU.Build.0 = Debug|Any CPU
	EndGlobalSection
	GlobalSection(SolutionProperties) = preSolution
		HideSolutionNode = FALSE
	EndGlobalSection
	GlobalSection(NestedProjects) = preSolution
		{B343537F-4959-4C3E-BD32-08A8D596DB66} = {DA14D4AC-F135-4849-AE66-887CB62BF4E0}
		{666234B4-E500-4C6D-ACCE-08659AAC6BB9} = {DA14D4AC-F135-4849-AE66-887CB62BF4E0}
		{A0A91A81-6189-4F83-8BA9-F48A687A1428} = {DA14D4AC-F135-4849-AE66-887CB62BF4E0}
		{1983905C-1F2F-4F66-9C93-23995B5B40FD} = {DA14D4AC-F135-4849-AE66-887CB62BF4E0}
		{59BE4A1B-F159-4F7B-9AAC-F7D730D0CEB1} = {DA14D4AC-F135-4849-AE66-887CB62BF4E0}
		{A2287F5C-BA05-4B08-9D78-F722F7222BA1} = {DA14D4AC-F135-4849-AE66-887CB62BF4E0}
		{8A359DDA-FD37-4720-A8CE-24F141311A58} = {DA14D4AC-F135-4849-AE66-887CB62BF4E0}
	EndGlobalSection
	GlobalSection(ExtensibilityGlobals) = postSolution
		SolutionGuid = {835DDE24-223A-4027-A09E-580025DC0E1B}
	EndGlobalSection
EndGlobal
